
Microsoft Visual Studio Solution File, Format Version 12.00
# Visual Studio Version 16
VisualStudioVersion = 16.0.32002.261
MinimumVisualStudioVersion = 10.0.40219.1
Project("{FAE04EC0-301F-11D3-BF4B-00C04F79EFBC}") = "Pets.WebApi", "Pets.WebApi\Pets.WebApi.csproj", "{25D481A2-623A-4806-BBC4-98F0B5BA81EE}"
EndProject
Project("{FAE04EC0-301F-11D3-BF4B-00C04F79EFBC}") = "Pets.Core", "Pets.Core\Pets.Core.csproj", "{681364EC-ACCE-41AC-800A-F3B17AC88ED0}"
EndProject
Global
	GlobalSection(SolutionConfigurationPlatforms) = preSolution
		Debug|Any CPU = Debug|Any CPU
		Release|Any CPU = Release|Any CPU
	EndGlobalSection
	GlobalSection(ProjectConfigurationPlatforms) = postSolution
		{25D481A2-623A-4806-BBC4-98F0B5BA81EE}.Debug|Any CPU.ActiveCfg = Debug|Any CPU
		{25D481A2-623A-4806-BBC4-98F0B5BA81EE}.Debug|Any CPU.Build.0 = Debug|Any CPU
		{25D481A2-623A-4806-BBC4-98F0B5BA81EE}.Release|Any CPU.ActiveCfg = Release|Any CPU
		{25D481A2-623A-4806-BBC4-98F0B5BA81EE}.Release|Any CPU.Build.0 = Release|Any CPU
		{681364EC-ACCE-41AC-800A-F3B17AC88ED0}.Debug|Any CPU.ActiveCfg = Debug|Any CPU
		{681364EC-ACCE-41AC-800A-F3B17AC88ED0}.Debug|Any CPU.Build.0 = Debug|Any CPU
		{681364EC-ACCE-41AC-800A-F3B17AC88ED0}.Release|Any CPU.ActiveCfg = Release|Any CPU
		{681364EC-ACCE-41AC-800A-F3B17AC88ED0}.Release|Any CPU.Build.0 = Release|Any CPU
	EndGlobalSection
	GlobalSection(SolutionProperties) = preSolution
		HideSolutionNode = FALSE
	EndGlobalSection
	GlobalSection(ExtensibilityGlobals) = postSolution
		SolutionGuid = {671D2228-2E14-4939-81A1-56DFF1170D77}
	EndGlobalSection
EndGlobal
